// !$*UTF8*$!
{
	archiveVersion = 1;
	classes = {
	};
	objectVersion = 56;
	objects = {

/* Begin PBXBuildFile section */
		671863D72C7ECE7E0092A308 /* OffGridApp.swift in Sources */ = {isa = PBXBuildFile; fileRef = 671863D62C7ECE7E0092A308 /* OffGridApp.swift */; };
		671863D92C7ECE7E0092A308 /* ContentView.swift in Sources */ = {isa = PBXBuildFile; fileRef = 671863D82C7ECE7E0092A308 /* ContentView.swift */; };
		671863DB2C7ECE7F0092A308 /* Assets.xcassets in Resources */ = {isa = PBXBuildFile; fileRef = 671863DA2C7ECE7F0092A308 /* Assets.xcassets */; };
		671863DE2C7ECE7F0092A308 /* Preview Assets.xcassets in Resources */ = {isa = PBXBuildFile; fileRef = 671863DD2C7ECE7F0092A308 /* Preview Assets.xcassets */; };
		671863E82C7ECE7F0092A308 /* OffGridTests.swift in Sources */ = {isa = PBXBuildFile; fileRef = 671863E72C7ECE7F0092A308 /* OffGridTests.swift */; };
		671863F22C7ECE7F0092A308 /* OffGridUITests.swift in Sources */ = {isa = PBXBuildFile; fileRef = 671863F12C7ECE7F0092A308 /* OffGridUITests.swift */; };
		671863F42C7ECE7F0092A308 /* OffGridUITestsLaunchTests.swift in Sources */ = {isa = PBXBuildFile; fileRef = 671863F32C7ECE7F0092A308 /* OffGridUITestsLaunchTests.swift */; };
		67B8E13F2C9522BA00099C51 /* MultipeerConnectivityService.swift in Sources */ = {isa = PBXBuildFile; fileRef = 67B8E13E2C9522BA00099C51 /* MultipeerConnectivityService.swift */; };
		67B8E1412C9522DB00099C51 /* Message.swift in Sources */ = {isa = PBXBuildFile; fileRef = 67B8E1402C9522DB00099C51 /* Message.swift */; };
		67B8E1432C95232300099C51 /* ChatView.swift in Sources */ = {isa = PBXBuildFile; fileRef = 67B8E1422C95232300099C51 /* ChatView.swift */; };
		67B8E1452C95235200099C51 /* ChatViewModel.swift in Sources */ = {isa = PBXBuildFile; fileRef = 67B8E1442C95235200099C51 /* ChatViewModel.swift */; };
		67B8E1482C9523C300099C51 /* MessageRow.swift in Sources */ = {isa = PBXBuildFile; fileRef = 67B8E1472C9523C300099C51 /* MessageRow.swift */; };
		67B8E14A2C9523CC00099C51 /* InputBar.swift in Sources */ = {isa = PBXBuildFile; fileRef = 67B8E1492C9523CC00099C51 /* InputBar.swift */; };
		67B8E14C2C952C4800099C51 /* PeerSelectionView.swift in Sources */ = {isa = PBXBuildFile; fileRef = 67B8E14B2C952C4800099C51 /* PeerSelectionView.swift */; };
		67B8E14E2C952D5A00099C51 /* InvitationView.swift in Sources */ = {isa = PBXBuildFile; fileRef = 67B8E14D2C952D5A00099C51 /* InvitationView.swift */; };
		67B8E1502C952F4400099C51 /* AuthenticationView.swift in Sources */ = {isa = PBXBuildFile; fileRef = 67B8E14F2C952F4400099C51 /* AuthenticationView.swift */; };
		67DB963E2C87EA5A00D4455B /* MultipeerConnectivity.framework in Frameworks */ = {isa = PBXBuildFile; fileRef = 67DB963D2C87EA5A00D4455B /* MultipeerConnectivity.framework */; };
		67DB96402C87EAC900D4455B /* MultipeerSession.swift in Sources */ = {isa = PBXBuildFile; fileRef = 67DB963F2C87EAC900D4455B /* MultipeerSession.swift */; };
/* End PBXBuildFile section */

/* Begin PBXContainerItemProxy section */
		671863E42C7ECE7F0092A308 /* PBXContainerItemProxy */ = {
			isa = PBXContainerItemProxy;
			containerPortal = 671863CB2C7ECE7E0092A308 /* Project object */;
			proxyType = 1;
			remoteGlobalIDString = 671863D22C7ECE7E0092A308;
			remoteInfo = OffGrid;
		};
		671863EE2C7ECE7F0092A308 /* PBXContainerItemProxy */ = {
			isa = PBXContainerItemProxy;
			containerPortal = 671863CB2C7ECE7E0092A308 /* Project object */;
			proxyType = 1;
			remoteGlobalIDString = 671863D22C7ECE7E0092A308;
			remoteInfo = OffGrid;
		};
/* End PBXContainerItemProxy section */

/* Begin PBXFileReference section */
		671863D32C7ECE7E0092A308 /* OffGrid.app */ = {isa = PBXFileReference; explicitFileType = wrapper.application; includeInIndex = 0; path = OffGrid.app; sourceTree = BUILT_PRODUCTS_DIR; };
		671863D62C7ECE7E0092A308 /* OffGridApp.swift */ = {isa = PBXFileReference; lastKnownFileType = sourcecode.swift; path = OffGridApp.swift; sourceTree = "<group>"; };
		671863D82C7ECE7E0092A308 /* ContentView.swift */ = {isa = PBXFileReference; lastKnownFileType = sourcecode.swift; path = ContentView.swift; sourceTree = "<group>"; };
		671863DA2C7ECE7F0092A308 /* Assets.xcassets */ = {isa = PBXFileReference; lastKnownFileType = folder.assetcatalog; path = Assets.xcassets; sourceTree = "<group>"; };
		671863DD2C7ECE7F0092A308 /* Preview Assets.xcassets */ = {isa = PBXFileReference; lastKnownFileType = folder.assetcatalog; path = "Preview Assets.xcassets"; sourceTree = "<group>"; };
		671863E32C7ECE7F0092A308 /* OffGridTests.xctest */ = {isa = PBXFileReference; explicitFileType = wrapper.cfbundle; includeInIndex = 0; path = OffGridTests.xctest; sourceTree = BUILT_PRODUCTS_DIR; };
		671863E72C7ECE7F0092A308 /* OffGridTests.swift */ = {isa = PBXFileReference; lastKnownFileType = sourcecode.swift; path = OffGridTests.swift; sourceTree = "<group>"; };
		671863ED2C7ECE7F0092A308 /* OffGridUITests.xctest */ = {isa = PBXFileReference; explicitFileType = wrapper.cfbundle; includeInIndex = 0; path = OffGridUITests.xctest; sourceTree = BUILT_PRODUCTS_DIR; };
		671863F12C7ECE7F0092A308 /* OffGridUITests.swift */ = {isa = PBXFileReference; lastKnownFileType = sourcecode.swift; path = OffGridUITests.swift; sourceTree = "<group>"; };
		671863F32C7ECE7F0092A308 /* OffGridUITestsLaunchTests.swift */ = {isa = PBXFileReference; lastKnownFileType = sourcecode.swift; path = OffGridUITestsLaunchTests.swift; sourceTree = "<group>"; };
		67B8E13E2C9522BA00099C51 /* MultipeerConnectivityService.swift */ = {isa = PBXFileReference; lastKnownFileType = sourcecode.swift; path = MultipeerConnectivityService.swift; sourceTree = "<group>"; };
		67B8E1402C9522DB00099C51 /* Message.swift */ = {isa = PBXFileReference; lastKnownFileType = sourcecode.swift; path = Message.swift; sourceTree = "<group>"; };
		67B8E1422C95232300099C51 /* ChatView.swift */ = {isa = PBXFileReference; lastKnownFileType = sourcecode.swift; path = ChatView.swift; sourceTree = "<group>"; };
		67B8E1442C95235200099C51 /* ChatViewModel.swift */ = {isa = PBXFileReference; lastKnownFileType = sourcecode.swift; path = ChatViewModel.swift; sourceTree = "<group>"; };
		67B8E1472C9523C300099C51 /* MessageRow.swift */ = {isa = PBXFileReference; lastKnownFileType = sourcecode.swift; path = MessageRow.swift; sourceTree = "<group>"; };
		67B8E1492C9523CC00099C51 /* InputBar.swift */ = {isa = PBXFileReference; lastKnownFileType = sourcecode.swift; path = InputBar.swift; sourceTree = "<group>"; };
		67B8E14B2C952C4800099C51 /* PeerSelectionView.swift */ = {isa = PBXFileReference; lastKnownFileType = sourcecode.swift; path = PeerSelectionView.swift; sourceTree = "<group>"; };
		67B8E14D2C952D5A00099C51 /* InvitationView.swift */ = {isa = PBXFileReference; lastKnownFileType = sourcecode.swift; path = InvitationView.swift; sourceTree = "<group>"; };
		67B8E14F2C952F4400099C51 /* AuthenticationView.swift */ = {isa = PBXFileReference; lastKnownFileType = sourcecode.swift; path = AuthenticationView.swift; sourceTree = "<group>"; };
		67DB963D2C87EA5A00D4455B /* MultipeerConnectivity.framework */ = {isa = PBXFileReference; lastKnownFileType = wrapper.framework; name = MultipeerConnectivity.framework; path = System/Library/Frameworks/MultipeerConnectivity.framework; sourceTree = SDKROOT; };
		67DB963F2C87EAC900D4455B /* MultipeerSession.swift */ = {isa = PBXFileReference; lastKnownFileType = sourcecode.swift; path = MultipeerSession.swift; sourceTree = "<group>"; };
		67DB96412C8810D700D4455B /* Info.plist */ = {isa = PBXFileReference; lastKnownFileType = text.plist.xml; name = Info.plist; path = "OffGrid/Supporting Files/Info.plist"; sourceTree = SOURCE_ROOT; };
/* End PBXFileReference section */

/* Begin PBXFrameworksBuildPhase section */
		671863D02C7ECE7E0092A308 /* Frameworks */ = {
			isa = PBXFrameworksBuildPhase;
			buildActionMask = 2147483647;
			files = (
				67DB963E2C87EA5A00D4455B /* MultipeerConnectivity.framework in Frameworks */,
			);
			runOnlyForDeploymentPostprocessing = 0;
		};
		671863E02C7ECE7F0092A308 /* Frameworks */ = {
			isa = PBXFrameworksBuildPhase;
			buildActionMask = 2147483647;
			files = (
			);
			runOnlyForDeploymentPostprocessing = 0;
		};
		671863EA2C7ECE7F0092A308 /* Frameworks */ = {
			isa = PBXFrameworksBuildPhase;
			buildActionMask = 2147483647;
			files = (
			);
			runOnlyForDeploymentPostprocessing = 0;
		};
/* End PBXFrameworksBuildPhase section */

/* Begin PBXGroup section */
		671863CA2C7ECE7E0092A308 = {
			isa = PBXGroup;
			children = (
				671863D52C7ECE7E0092A308 /* OffGrid */,
				671863E62C7ECE7F0092A308 /* OffGridTests */,
				671863F02C7ECE7F0092A308 /* OffGridUITests */,
				671863D42C7ECE7E0092A308 /* Products */,
				67DB963C2C87EA5A00D4455B /* Frameworks */,
			);
			sourceTree = "<group>";
		};
		671863D42C7ECE7E0092A308 /* Products */ = {
			isa = PBXGroup;
			children = (
				671863D32C7ECE7E0092A308 /* OffGrid.app */,
				671863E32C7ECE7F0092A308 /* OffGridTests.xctest */,
				671863ED2C7ECE7F0092A308 /* OffGridUITests.xctest */,
			);
			name = Products;
			sourceTree = "<group>";
		};
		671863D52C7ECE7E0092A308 /* OffGrid */ = {
			isa = PBXGroup;
			children = (
				67B8E13D2C9522A600099C51 /* Services */,
				67B8E1362C951CEC00099C51 /* App */,
				67B8E1382C951D1F00099C51 /* Views */,
				67B8E1372C951D0600099C51 /* Models */,
				67B8E13B2C951DE200099C51 /* ModelViews */,
				67B8E13A2C951DB000099C51 /* Resources */,
				67B8E1392C951D8E00099C51 /* Supporting Files */,
				671863DC2C7ECE7F0092A308 /* Preview Content */,
			);
			path = OffGrid;
			sourceTree = "<group>";
		};
		671863DC2C7ECE7F0092A308 /* Preview Content */ = {
			isa = PBXGroup;
			children = (
				671863DD2C7ECE7F0092A308 /* Preview Assets.xcassets */,
			);
			path = "Preview Content";
			sourceTree = "<group>";
		};
		671863E62C7ECE7F0092A308 /* OffGridTests */ = {
			isa = PBXGroup;
			children = (
				671863E72C7ECE7F0092A308 /* OffGridTests.swift */,
			);
			path = OffGridTests;
			sourceTree = "<group>";
		};
		671863F02C7ECE7F0092A308 /* OffGridUITests */ = {
			isa = PBXGroup;
			children = (
				671863F12C7ECE7F0092A308 /* OffGridUITests.swift */,
				671863F32C7ECE7F0092A308 /* OffGridUITestsLaunchTests.swift */,
			);
			path = OffGridUITests;
			sourceTree = "<group>";
		};
		67B8E1362C951CEC00099C51 /* App */ = {
			isa = PBXGroup;
			children = (
				671863D62C7ECE7E0092A308 /* OffGridApp.swift */,
			);
			path = App;
			sourceTree = "<group>";
		};
		67B8E1372C951D0600099C51 /* Models */ = {
			isa = PBXGroup;
			children = (
				67B8E1402C9522DB00099C51 /* Message.swift */,
			);
			path = Models;
			sourceTree = "<group>";
		};
		67B8E1382C951D1F00099C51 /* Views */ = {
			isa = PBXGroup;
			children = (
				67B8E1462C95239800099C51 /* Components */,
				671863D82C7ECE7E0092A308 /* ContentView.swift */,
				67B8E1422C95232300099C51 /* ChatView.swift */,
				67B8E14B2C952C4800099C51 /* PeerSelectionView.swift */,
				67B8E14D2C952D5A00099C51 /* InvitationView.swift */,
				67B8E14F2C952F4400099C51 /* AuthenticationView.swift */,
			);
			path = Views;
			sourceTree = "<group>";
		};
		67B8E1392C951D8E00099C51 /* Supporting Files */ = {
			isa = PBXGroup;
			children = (
				67DB96412C8810D700D4455B /* Info.plist */,
			);
			path = "Supporting Files";
			sourceTree = "<group>";
		};
		67B8E13A2C951DB000099C51 /* Resources */ = {
			isa = PBXGroup;
			children = (
				671863DA2C7ECE7F0092A308 /* Assets.xcassets */,
			);
			path = Resources;
			sourceTree = "<group>";
		};
		67B8E13B2C951DE200099C51 /* ModelViews */ = {
			isa = PBXGroup;
			children = (
				67DB963F2C87EAC900D4455B /* MultipeerSession.swift */,
				67B8E1442C95235200099C51 /* ChatViewModel.swift */,
			);
			path = ModelViews;
			sourceTree = "<group>";
		};
		67B8E13D2C9522A600099C51 /* Services */ = {
			isa = PBXGroup;
			children = (
				67B8E13E2C9522BA00099C51 /* MultipeerConnectivityService.swift */,
			);
			path = Services;
			sourceTree = "<group>";
		};
		67B8E1462C95239800099C51 /* Components */ = {
			isa = PBXGroup;
			children = (
				67B8E1472C9523C300099C51 /* MessageRow.swift */,
				67B8E1492C9523CC00099C51 /* InputBar.swift */,
			);
			path = Components;
			sourceTree = "<group>";
		};
		67DB963C2C87EA5A00D4455B /* Frameworks */ = {
			isa = PBXGroup;
			children = (
				67DB963D2C87EA5A00D4455B /* MultipeerConnectivity.framework */,
			);
			name = Frameworks;
			sourceTree = "<group>";
		};
/* End PBXGroup section */

/* Begin PBXNativeTarget section */
		671863D22C7ECE7E0092A308 /* OffGrid */ = {
			isa = PBXNativeTarget;
			buildConfigurationList = 671863F72C7ECE7F0092A308 /* Build configuration list for PBXNativeTarget "OffGrid" */;
			buildPhases = (
				671863CF2C7ECE7E0092A308 /* Sources */,
				671863D02C7ECE7E0092A308 /* Frameworks */,
				671863D12C7ECE7E0092A308 /* Resources */,
			);
			buildRules = (
			);
			dependencies = (
			);
			name = OffGrid;
			productName = OffGrid;
			productReference = 671863D32C7ECE7E0092A308 /* OffGrid.app */;
			productType = "com.apple.product-type.application";
		};
		671863E22C7ECE7F0092A308 /* OffGridTests */ = {
			isa = PBXNativeTarget;
			buildConfigurationList = 671863FA2C7ECE7F0092A308 /* Build configuration list for PBXNativeTarget "OffGridTests" */;
			buildPhases = (
				671863DF2C7ECE7F0092A308 /* Sources */,
				671863E02C7ECE7F0092A308 /* Frameworks */,
				671863E12C7ECE7F0092A308 /* Resources */,
			);
			buildRules = (
			);
			dependencies = (
				671863E52C7ECE7F0092A308 /* PBXTargetDependency */,
			);
			name = OffGridTests;
			productName = OffGridTests;
			productReference = 671863E32C7ECE7F0092A308 /* OffGridTests.xctest */;
			productType = "com.apple.product-type.bundle.unit-test";
		};
		671863EC2C7ECE7F0092A308 /* OffGridUITests */ = {
			isa = PBXNativeTarget;
			buildConfigurationList = 671863FD2C7ECE7F0092A308 /* Build configuration list for PBXNativeTarget "OffGridUITests" */;
			buildPhases = (
				671863E92C7ECE7F0092A308 /* Sources */,
				671863EA2C7ECE7F0092A308 /* Frameworks */,
				671863EB2C7ECE7F0092A308 /* Resources */,
			);
			buildRules = (
			);
			dependencies = (
				671863EF2C7ECE7F0092A308 /* PBXTargetDependency */,
			);
			name = OffGridUITests;
			productName = OffGridUITests;
			productReference = 671863ED2C7ECE7F0092A308 /* OffGridUITests.xctest */;
			productType = "com.apple.product-type.bundle.ui-testing";
		};
/* End PBXNativeTarget section */

/* Begin PBXProject section */
		671863CB2C7ECE7E0092A308 /* Project object */ = {
			isa = PBXProject;
			attributes = {
				BuildIndependentTargetsInParallel = 1;
				LastSwiftUpdateCheck = 1540;
				LastUpgradeCheck = 1540;
				TargetAttributes = {
					671863D22C7ECE7E0092A308 = {
						CreatedOnToolsVersion = 15.4;
					};
					671863E22C7ECE7F0092A308 = {
						CreatedOnToolsVersion = 15.4;
						TestTargetID = 671863D22C7ECE7E0092A308;
					};
					671863EC2C7ECE7F0092A308 = {
						CreatedOnToolsVersion = 15.4;
						TestTargetID = 671863D22C7ECE7E0092A308;
					};
				};
			};
			buildConfigurationList = 671863CE2C7ECE7E0092A308 /* Build configuration list for PBXProject "OffGrid" */;
			compatibilityVersion = "Xcode 14.0";
			developmentRegion = en;
			hasScannedForEncodings = 0;
			knownRegions = (
				en,
				Base,
			);
			mainGroup = 671863CA2C7ECE7E0092A308;
			productRefGroup = 671863D42C7ECE7E0092A308 /* Products */;
			projectDirPath = "";
			projectRoot = "";
			targets = (
				671863D22C7ECE7E0092A308 /* OffGrid */,
				671863E22C7ECE7F0092A308 /* OffGridTests */,
				671863EC2C7ECE7F0092A308 /* OffGridUITests */,
			);
		};
/* End PBXProject section */

/* Begin PBXResourcesBuildPhase section */
		671863D12C7ECE7E0092A308 /* Resources */ = {
			isa = PBXResourcesBuildPhase;
			buildActionMask = 2147483647;
			files = (
				671863DE2C7ECE7F0092A308 /* Preview Assets.xcassets in Resources */,
				671863DB2C7ECE7F0092A308 /* Assets.xcassets in Resources */,
			);
			runOnlyForDeploymentPostprocessing = 0;
		};
		671863E12C7ECE7F0092A308 /* Resources */ = {
			isa = PBXResourcesBuildPhase;
			buildActionMask = 2147483647;
			files = (
			);
			runOnlyForDeploymentPostprocessing = 0;
		};
		671863EB2C7ECE7F0092A308 /* Resources */ = {
			isa = PBXResourcesBuildPhase;
			buildActionMask = 2147483647;
			files = (
			);
			runOnlyForDeploymentPostprocessing = 0;
		};
/* End PBXResourcesBuildPhase section */

/* Begin PBXSourcesBuildPhase section */
		671863CF2C7ECE7E0092A308 /* Sources */ = {
			isa = PBXSourcesBuildPhase;
			buildActionMask = 2147483647;
			files = (
				67B8E14E2C952D5A00099C51 /* InvitationView.swift in Sources */,
				67B8E13F2C9522BA00099C51 /* MultipeerConnectivityService.swift in Sources */,
				67B8E1502C952F4400099C51 /* AuthenticationView.swift in Sources */,
				67B8E1452C95235200099C51 /* ChatViewModel.swift in Sources */,
				67DB96402C87EAC900D4455B /* MultipeerSession.swift in Sources */,
				67B8E1412C9522DB00099C51 /* Message.swift in Sources */,
				671863D92C7ECE7E0092A308 /* ContentView.swift in Sources */,
				67B8E14C2C952C4800099C51 /* PeerSelectionView.swift in Sources */,
				67B8E1482C9523C300099C51 /* MessageRow.swift in Sources */,
				67B8E1432C95232300099C51 /* ChatView.swift in Sources */,
				671863D72C7ECE7E0092A308 /* OffGridApp.swift in Sources */,
				67B8E14A2C9523CC00099C51 /* InputBar.swift in Sources */,
			);
			runOnlyForDeploymentPostprocessing = 0;
		};
		671863DF2C7ECE7F0092A308 /* Sources */ = {
			isa = PBXSourcesBuildPhase;
			buildActionMask = 2147483647;
			files = (
				671863E82C7ECE7F0092A308 /* OffGridTests.swift in Sources */,
			);
			runOnlyForDeploymentPostprocessing = 0;
		};
		671863E92C7ECE7F0092A308 /* Sources */ = {
			isa = PBXSourcesBuildPhase;
			buildActionMask = 2147483647;
			files = (
				671863F42C7ECE7F0092A308 /* OffGridUITestsLaunchTests.swift in Sources */,
				671863F22C7ECE7F0092A308 /* OffGridUITests.swift in Sources */,
			);
			runOnlyForDeploymentPostprocessing = 0;
		};
/* End PBXSourcesBuildPhase section */

/* Begin PBXTargetDependency section */
		671863E52C7ECE7F0092A308 /* PBXTargetDependency */ = {
			isa = PBXTargetDependency;
			target = 671863D22C7ECE7E0092A308 /* OffGrid */;
			targetProxy = 671863E42C7ECE7F0092A308 /* PBXContainerItemProxy */;
		};
		671863EF2C7ECE7F0092A308 /* PBXTargetDependency */ = {
			isa = PBXTargetDependency;
			target = 671863D22C7ECE7E0092A308 /* OffGrid */;
			targetProxy = 671863EE2C7ECE7F0092A308 /* PBXContainerItemProxy */;
		};
/* End PBXTargetDependency section */

/* Begin XCBuildConfiguration section */
		671863F52C7ECE7F0092A308 /* Debug */ = {
			isa = XCBuildConfiguration;
			buildSettings = {
				ALWAYS_SEARCH_USER_PATHS = NO;
				ASSETCATALOG_COMPILER_GENERATE_SWIFT_ASSET_SYMBOL_EXTENSIONS = YES;
				CLANG_ANALYZER_NONNULL = YES;
				CLANG_ANALYZER_NUMBER_OBJECT_CONVERSION = YES_AGGRESSIVE;
				CLANG_CXX_LANGUAGE_STANDARD = "gnu++20";
				CLANG_ENABLE_MODULES = YES;
				CLANG_ENABLE_OBJC_ARC = YES;
				CLANG_ENABLE_OBJC_WEAK = YES;
				CLANG_WARN_BLOCK_CAPTURE_AUTORELEASING = YES;
				CLANG_WARN_BOOL_CONVERSION = YES;
				CLANG_WARN_COMMA = YES;
				CLANG_WARN_CONSTANT_CONVERSION = YES;
				CLANG_WARN_DEPRECATED_OBJC_IMPLEMENTATIONS = YES;
				CLANG_WARN_DIRECT_OBJC_ISA_USAGE = YES_ERROR;
				CLANG_WARN_DOCUMENTATION_COMMENTS = YES;
				CLANG_WARN_EMPTY_BODY = YES;
				CLANG_WARN_ENUM_CONVERSION = YES;
				CLANG_WARN_INFINITE_RECURSION = YES;
				CLANG_WARN_INT_CONVERSION = YES;
				CLANG_WARN_NON_LITERAL_NULL_CONVERSION = YES;
				CLANG_WARN_OBJC_IMPLICIT_RETAIN_SELF = YES;
				CLANG_WARN_OBJC_LITERAL_CONVERSION = YES;
				CLANG_WARN_OBJC_ROOT_CLASS = YES_ERROR;
				CLANG_WARN_QUOTED_INCLUDE_IN_FRAMEWORK_HEADER = YES;
				CLANG_WARN_RANGE_LOOP_ANALYSIS = YES;
				CLANG_WARN_STRICT_PROTOTYPES = YES;
				CLANG_WARN_SUSPICIOUS_MOVE = YES;
				CLANG_WARN_UNGUARDED_AVAILABILITY = YES_AGGRESSIVE;
				CLANG_WARN_UNREACHABLE_CODE = YES;
				CLANG_WARN__DUPLICATE_METHOD_MATCH = YES;
				COPY_PHASE_STRIP = NO;
				DEBUG_INFORMATION_FORMAT = dwarf;
				ENABLE_STRICT_OBJC_MSGSEND = YES;
				ENABLE_TESTABILITY = YES;
				ENABLE_USER_SCRIPT_SANDBOXING = YES;
				GCC_C_LANGUAGE_STANDARD = gnu17;
				GCC_DYNAMIC_NO_PIC = NO;
				GCC_NO_COMMON_BLOCKS = YES;
				GCC_OPTIMIZATION_LEVEL = 0;
				GCC_PREPROCESSOR_DEFINITIONS = (
					"DEBUG=1",
					"$(inherited)",
				);
				GCC_WARN_64_TO_32_BIT_CONVERSION = YES;
				GCC_WARN_ABOUT_RETURN_TYPE = YES_ERROR;
				GCC_WARN_UNDECLARED_SELECTOR = YES;
				GCC_WARN_UNINITIALIZED_AUTOS = YES_AGGRESSIVE;
				GCC_WARN_UNUSED_FUNCTION = YES;
				GCC_WARN_UNUSED_VARIABLE = YES;
				IPHONEOS_DEPLOYMENT_TARGET = 17.5;
				LOCALIZATION_PREFERS_STRING_CATALOGS = YES;
				MTL_ENABLE_DEBUG_INFO = INCLUDE_SOURCE;
				MTL_FAST_MATH = YES;
				ONLY_ACTIVE_ARCH = YES;
				SDKROOT = iphoneos;
				SWIFT_ACTIVE_COMPILATION_CONDITIONS = "DEBUG $(inherited)";
				SWIFT_OPTIMIZATION_LEVEL = "-Onone";
			};
			name = Debug;
		};
		671863F62C7ECE7F0092A308 /* Release */ = {
			isa = XCBuildConfiguration;
			buildSettings = {
				ALWAYS_SEARCH_USER_PATHS = NO;
				ASSETCATALOG_COMPILER_GENERATE_SWIFT_ASSET_SYMBOL_EXTENSIONS = YES;
				CLANG_ANALYZER_NONNULL = YES;
				CLANG_ANALYZER_NUMBER_OBJECT_CONVERSION = YES_AGGRESSIVE;
				CLANG_CXX_LANGUAGE_STANDARD = "gnu++20";
				CLANG_ENABLE_MODULES = YES;
				CLANG_ENABLE_OBJC_ARC = YES;
				CLANG_ENABLE_OBJC_WEAK = YES;
				CLANG_WARN_BLOCK_CAPTURE_AUTORELEASING = YES;
				CLANG_WARN_BOOL_CONVERSION = YES;
				CLANG_WARN_COMMA = YES;
				CLANG_WARN_CONSTANT_CONVERSION = YES;
				CLANG_WARN_DEPRECATED_OBJC_IMPLEMENTATIONS = YES;
				CLANG_WARN_DIRECT_OBJC_ISA_USAGE = YES_ERROR;
				CLANG_WARN_DOCUMENTATION_COMMENTS = YES;
				CLANG_WARN_EMPTY_BODY = YES;
				CLANG_WARN_ENUM_CONVERSION = YES;
				CLANG_WARN_INFINITE_RECURSION = YES;
				CLANG_WARN_INT_CONVERSION = YES;
				CLANG_WARN_NON_LITERAL_NULL_CONVERSION = YES;
				CLANG_WARN_OBJC_IMPLICIT_RETAIN_SELF = YES;
				CLANG_WARN_OBJC_LITERAL_CONVERSION = YES;
				CLANG_WARN_OBJC_ROOT_CLASS = YES_ERROR;
				CLANG_WARN_QUOTED_INCLUDE_IN_FRAMEWORK_HEADER = YES;
				CLANG_WARN_RANGE_LOOP_ANALYSIS = YES;
				CLANG_WARN_STRICT_PROTOTYPES = YES;
				CLANG_WARN_SUSPICIOUS_MOVE = YES;
				CLANG_WARN_UNGUARDED_AVAILABILITY = YES_AGGRESSIVE;
				CLANG_WARN_UNREACHABLE_CODE = YES;
				CLANG_WARN__DUPLICATE_METHOD_MATCH = YES;
				COPY_PHASE_STRIP = NO;
				DEBUG_INFORMATION_FORMAT = "dwarf-with-dsym";
				ENABLE_NS_ASSERTIONS = NO;
				ENABLE_STRICT_OBJC_MSGSEND = YES;
				ENABLE_USER_SCRIPT_SANDBOXING = YES;
				GCC_C_LANGUAGE_STANDARD = gnu17;
				GCC_NO_COMMON_BLOCKS = YES;
				GCC_WARN_64_TO_32_BIT_CONVERSION = YES;
				GCC_WARN_ABOUT_RETURN_TYPE = YES_ERROR;
				GCC_WARN_UNDECLARED_SELECTOR = YES;
				GCC_WARN_UNINITIALIZED_AUTOS = YES_AGGRESSIVE;
				GCC_WARN_UNUSED_FUNCTION = YES;
				GCC_WARN_UNUSED_VARIABLE = YES;
				IPHONEOS_DEPLOYMENT_TARGET = 17.5;
				LOCALIZATION_PREFERS_STRING_CATALOGS = YES;
				MTL_ENABLE_DEBUG_INFO = NO;
				MTL_FAST_MATH = YES;
				SDKROOT = iphoneos;
				SWIFT_COMPILATION_MODE = wholemodule;
				VALIDATE_PRODUCT = YES;
			};
			name = Release;
		};
		671863F82C7ECE7F0092A308 /* Debug */ = {
			isa = XCBuildConfiguration;
			buildSettings = {
				ASSETCATALOG_COMPILER_APPICON_NAME = AppIcon;
				ASSETCATALOG_COMPILER_GLOBAL_ACCENT_COLOR_NAME = AccentColor;
				CODE_SIGN_STYLE = Automatic;
				CURRENT_PROJECT_VERSION = 1;
				DEVELOPMENT_ASSET_PATHS = "\"OffGrid/Preview Content\"";
				DEVELOPMENT_TEAM = A2D44NNXCF;
				ENABLE_PREVIEWS = YES;
				GENERATE_INFOPLIST_FILE = YES;
				INFOPLIST_FILE = OffGrid/Info.plist;
				INFOPLIST_KEY_NSLocalNetworkUsageDescription = "This app requires access to nearby devices to enable peer-to-peer communication.";
				INFOPLIST_KEY_UIApplicationSceneManifest_Generation = YES;
				INFOPLIST_KEY_UIApplicationSupportsIndirectInputEvents = YES;
				INFOPLIST_KEY_UILaunchScreen_Generation = YES;
				INFOPLIST_KEY_UISupportedInterfaceOrientations_iPad = "UIInterfaceOrientationPortrait UIInterfaceOrientationPortraitUpsideDown UIInterfaceOrientationLandscapeLeft UIInterfaceOrientationLandscapeRight";
				INFOPLIST_KEY_UISupportedInterfaceOrientations_iPhone = "UIInterfaceOrientationPortrait UIInterfaceOrientationLandscapeLeft UIInterfaceOrientationLandscapeRight";
				LD_RUNPATH_SEARCH_PATHS = (
					"$(inherited)",
					"@executable_path/Frameworks",
				);
				MARKETING_VERSION = 1.0;
				PRODUCT_BUNDLE_IDENTIFIER = blustream.OffGrid;
				PRODUCT_NAME = "$(TARGET_NAME)";
				SWIFT_EMIT_LOC_STRINGS = YES;
				SWIFT_VERSION = 5.0;
				TARGETED_DEVICE_FAMILY = "1,2";
			};
			name = Debug;
		};
		671863F92C7ECE7F0092A308 /* Release */ = {
			isa = XCBuildConfiguration;
			buildSettings = {
				ASSETCATALOG_COMPILER_APPICON_NAME = AppIcon;
				ASSETCATALOG_COMPILER_GLOBAL_ACCENT_COLOR_NAME = AccentColor;
				CODE_SIGN_STYLE = Automatic;
				CURRENT_PROJECT_VERSION = 1;
				DEVELOPMENT_ASSET_PATHS = "\"OffGrid/Preview Content\"";
				DEVELOPMENT_TEAM = A2D44NNXCF;
				ENABLE_PREVIEWS = YES;
				GENERATE_INFOPLIST_FILE = YES;
				INFOPLIST_FILE = OffGrid/Info.plist;
				INFOPLIST_KEY_NSLocalNetworkUsageDescription = "This app requires access to nearby devices to enable peer-to-peer communication.";
				INFOPLIST_KEY_UIApplicationSceneManifest_Generation = YES;
				INFOPLIST_KEY_UIApplicationSupportsIndirectInputEvents = YES;
				INFOPLIST_KEY_UILaunchScreen_Generation = YES;
				INFOPLIST_KEY_UISupportedInterfaceOrientations_iPad = "UIInterfaceOrientationPortrait UIInterfaceOrientationPortraitUpsideDown UIInterfaceOrientationLandscapeLeft UIInterfaceOrientationLandscapeRight";
				INFOPLIST_KEY_UISupportedInterfaceOrientations_iPhone = "UIInterfaceOrientationPortrait UIInterfaceOrientationLandscapeLeft UIInterfaceOrientationLandscapeRight";
				LD_RUNPATH_SEARCH_PATHS = (
					"$(inherited)",
					"@executable_path/Frameworks",
				);
				MARKETING_VERSION = 1.0;
				PRODUCT_BUNDLE_IDENTIFIER = blustream.OffGrid;
				PRODUCT_NAME = "$(TARGET_NAME)";
				SWIFT_EMIT_LOC_STRINGS = YES;
				SWIFT_VERSION = 5.0;
				TARGETED_DEVICE_FAMILY = "1,2";
			};
			name = Release;
		};
		671863FB2C7ECE7F0092A308 /* Debug */ = {
			isa = XCBuildConfiguration;
			buildSettings = {
				ALWAYS_EMBED_SWIFT_STANDARD_LIBRARIES = YES;
				BUNDLE_LOADER = "$(TEST_HOST)";
				CODE_SIGN_STYLE = Automatic;
				CURRENT_PROJECT_VERSION = 1;
				GENERATE_INFOPLIST_FILE = YES;
				IPHONEOS_DEPLOYMENT_TARGET = 17.5;
				MARKETING_VERSION = 1.0;
				PRODUCT_BUNDLE_IDENTIFIER = blustream.OffGridTests;
				PRODUCT_NAME = "$(TARGET_NAME)";
				SWIFT_EMIT_LOC_STRINGS = NO;
				SWIFT_VERSION = 5.0;
				TARGETED_DEVICE_FAMILY = "1,2";
				TEST_HOST = "$(BUILT_PRODUCTS_DIR)/OffGrid.app/$(BUNDLE_EXECUTABLE_FOLDER_PATH)/OffGrid";
			};
			name = Debug;
		};
		671863FC2C7ECE7F0092A308 /* Release */ = {
			isa = XCBuildConfiguration;
			buildSettings = {
				ALWAYS_EMBED_SWIFT_STANDARD_LIBRARIES = YES;
				BUNDLE_LOADER = "$(TEST_HOST)";
				CODE_SIGN_STYLE = Automatic;
				CURRENT_PROJECT_VERSION = 1;
				GENERATE_INFOPLIST_FILE = YES;
				IPHONEOS_DEPLOYMENT_TARGET = 17.5;
				MARKETING_VERSION = 1.0;
				PRODUCT_BUNDLE_IDENTIFIER = blustream.OffGridTests;
				PRODUCT_NAME = "$(TARGET_NAME)";
				SWIFT_EMIT_LOC_STRINGS = NO;
				SWIFT_VERSION = 5.0;
				TARGETED_DEVICE_FAMILY = "1,2";
				TEST_HOST = "$(BUILT_PRODUCTS_DIR)/OffGrid.app/$(BUNDLE_EXECUTABLE_FOLDER_PATH)/OffGrid";
			};
			name = Release;
		};
		671863FE2C7ECE7F0092A308 /* Debug */ = {
			isa = XCBuildConfiguration;
			buildSettings = {
				ALWAYS_EMBED_SWIFT_STANDARD_LIBRARIES = YES;
				CODE_SIGN_STYLE = Automatic;
				CURRENT_PROJECT_VERSION = 1;
				GENERATE_INFOPLIST_FILE = YES;
				MARKETING_VERSION = 1.0;
				PRODUCT_BUNDLE_IDENTIFIER = blustream.OffGridUITests;
				PRODUCT_NAME = "$(TARGET_NAME)";
				SWIFT_EMIT_LOC_STRINGS = NO;
				SWIFT_VERSION = 5.0;
				TARGETED_DEVICE_FAMILY = "1,2";
				TEST_TARGET_NAME = OffGrid;
			};
			name = Debug;
		};
		671863FF2C7ECE7F0092A308 /* Release */ = {
			isa = XCBuildConfiguration;
			buildSettings = {
				ALWAYS_EMBED_SWIFT_STANDARD_LIBRARIES = YES;
				CODE_SIGN_STYLE = Automatic;
				CURRENT_PROJECT_VERSION = 1;
				GENERATE_INFOPLIST_FILE = YES;
				MARKETING_VERSION = 1.0;
				PRODUCT_BUNDLE_IDENTIFIER = blustream.OffGridUITests;
				PRODUCT_NAME = "$(TARGET_NAME)";
				SWIFT_EMIT_LOC_STRINGS = NO;
				SWIFT_VERSION = 5.0;
				TARGETED_DEVICE_FAMILY = "1,2";
				TEST_TARGET_NAME = OffGrid;
			};
			name = Release;
		};
/* End XCBuildConfiguration section */

/* Begin XCConfigurationList section */
		671863CE2C7ECE7E0092A308 /* Build configuration list for PBXProject "OffGrid" */ = {
			isa = XCConfigurationList;
			buildConfigurations = (
				671863F52C7ECE7F0092A308 /* Debug */,
				671863F62C7ECE7F0092A308 /* Release */,
			);
			defaultConfigurationIsVisible = 0;
			defaultConfigurationName = Release;
		};
		671863F72C7ECE7F0092A308 /* Build configuration list for PBXNativeTarget "OffGrid" */ = {
			isa = XCConfigurationList;
			buildConfigurations = (
				671863F82C7ECE7F0092A308 /* Debug */,
				671863F92C7ECE7F0092A308 /* Release */,
			);
			defaultConfigurationIsVisible = 0;
			defaultConfigurationName = Release;
		};
		671863FA2C7ECE7F0092A308 /* Build configuration list for PBXNativeTarget "OffGridTests" */ = {
			isa = XCConfigurationList;
			buildConfigurations = (
				671863FB2C7ECE7F0092A308 /* Debug */,
				671863FC2C7ECE7F0092A308 /* Release */,
			);
			defaultConfigurationIsVisible = 0;
			defaultConfigurationName = Release;
		};
		671863FD2C7ECE7F0092A308 /* Build configuration list for PBXNativeTarget "OffGridUITests" */ = {
			isa = XCConfigurationList;
			buildConfigurations = (
				671863FE2C7ECE7F0092A308 /* Debug */,
				671863FF2C7ECE7F0092A308 /* Release */,
			);
			defaultConfigurationIsVisible = 0;
			defaultConfigurationName = Release;
		};
/* End XCConfigurationList section */
	};
	rootObject = 671863CB2C7ECE7E0092A308 /* Project object */;
}
